
Microsoft Visual Studio Solution File, Format Version 12.00
# Visual Studio Version 17
VisualStudioVersion = 17.0.32112.339
MinimumVisualStudioVersion = 10.0.40219.1
Project("{9A19103F-16F7-4668-BE54-9A1E7A4F7556}") = "02.VaniPlanning", "02.VaniPlanning\02.VaniPlanning.csproj", "{20D3E336-FA3F-40C2-A971-DA1E5FD15638}"
EndProject
Project("{9A19103F-16F7-4668-BE54-9A1E7A4F7556}") = "02.VaniPlanning.Tests", "02.VaniPlanning.Tests\02.VaniPlanning.Tests.csproj", "{A5B61795-7171-489D-9297-506FB2C8D061}"
EndProject
Global
	GlobalSection(SolutionConfigurationPlatforms) = preSolution
		Debug|Any CPU = Debug|Any CPU
		Release|Any CPU = Release|Any CPU
	EndGlobalSection
	GlobalSection(ProjectConfigurationPlatforms) = postSolution
		{20D3E336-FA3F-40C2-A971-DA1E5FD15638}.Debug|Any CPU.ActiveCfg = Debug|Any CPU
		{20D3E336-FA3F-40C2-A971-DA1E5FD15638}.Debug|Any CPU.Build.0 = Debug|Any CPU
		{20D3E336-FA3F-40C2-A971-DA1E5FD15638}.Release|Any CPU.ActiveCfg = Release|Any CPU
		{20D3E336-FA3F-40C2-A971-DA1E5FD15638}.Release|Any CPU.Build.0 = Release|Any CPU
		{A5B61795-7171-489D-9297-506FB2C8D061}.Debug|Any CPU.ActiveCfg = Debug|Any CPU
		{A5B61795-7171-489D-9297-506FB2C8D061}.Debug|Any CPU.Build.0 = Debug|Any CPU
		{A5B61795-7171-489D-9297-506FB2C8D061}.Release|Any CPU.ActiveCfg = Release|Any CPU
		{A5B61795-7171-489D-9297-506FB2C8D061}.Release|Any CPU.Build.0 = Release|Any CPU
	EndGlobalSection
	GlobalSection(SolutionProperties) = preSolution
		HideSolutionNode = FALSE
	EndGlobalSection
	GlobalSection(ExtensibilityGlobals) = postSolution
		SolutionGuid = {E9BF982B-2785-4882-BF98-2299B23E9BAB}
	EndGlobalSection
EndGlobal
